
Microsoft Visual Studio Solution File, Format Version 12.00
# Visual Studio Version 16
VisualStudioVersion = 16.0.32228.343
MinimumVisualStudioVersion = 10.0.40219.1
Project("{FAE04EC0-301F-11D3-BF4B-00C04F79EFBC}") = "SinglePageWebApp", "SinglePageWebApp.csproj", "{405131DF-900B-44EC-A007-E5ECCA0DF65B}"
EndProject
Global
	GlobalSection(SolutionConfigurationPlatforms) = preSolution
		Debug|Any CPU = Debug|Any CPU
		Release|Any CPU = Release|Any CPU
	EndGlobalSection
	GlobalSection(ProjectConfigurationPlatforms) = postSolution
		{405131DF-900B-44EC-A007-E5ECCA0DF65B}.Debug|Any CPU.ActiveCfg = Debug|Any CPU
		{405131DF-900B-44EC-A007-E5ECCA0DF65B}.Debug|Any CPU.Build.0 = Debug|Any CPU
		{405131DF-900B-44EC-A007-E5ECCA0DF65B}.Release|Any CPU.ActiveCfg = Release|Any CPU
		{405131DF-900B-44EC-A007-E5ECCA0DF65B}.Release|Any CPU.Build.0 = Release|Any CPU
	EndGlobalSection
	GlobalSection(SolutionProperties) = preSolution
		HideSolutionNode = FALSE
	EndGlobalSection
	GlobalSection(ExtensibilityGlobals) = postSolution
		SolutionGuid = {EBF97EA4-E461-4C4E-8BBC-566C8F3FFCA2}
	EndGlobalSection
EndGlobal
